
Microsoft Visual Studio Solution File, Format Version 12.00
Project("{FAE04EC0-301F-11D3-BF4B-00C04F79EFBC}") = "ProcessBlocker", "ProcessBlocker\ProcessBlocker.csproj", "{27ED1473-F198-4351-9C55-45FDEBCF138B}"
EndProject
Global
	GlobalSection(SolutionConfigurationPlatforms) = preSolution
		Debug|Any CPU = Debug|Any CPU
		Release|Any CPU = Release|Any CPU
	EndGlobalSection
	GlobalSection(ProjectConfigurationPlatforms) = postSolution
		{27ED1473-F198-4351-9C55-45FDEBCF138B}.Debug|Any CPU.ActiveCfg = Debug|Any CPU
		{27ED1473-F198-4351-9C55-45FDEBCF138B}.Debug|Any CPU.Build.0 = Debug|Any CPU
		{27ED1473-F198-4351-9C55-45FDEBCF138B}.Release|Any CPU.ActiveCfg = Release|Any CPU
		{27ED1473-F198-4351-9C55-45FDEBCF138B}.Release|Any CPU.Build.0 = Release|Any CPU
	EndGlobalSection
EndGlobal
